
Microsoft Visual Studio Solution File, Format Version 12.00
# Visual Studio Version 16
VisualStudioVersion = 16.0.31624.102
MinimumVisualStudioVersion = 10.0.40219.1
Project("{FAE04EC0-301F-11D3-BF4B-00C04F79EFBC}") = "BethanysPieShop", "BethanysPieShop.csproj", "{F7A26661-EC79-443C-803A-CDD96F1E6D0F}"
EndProject
Global
	GlobalSection(SolutionConfigurationPlatforms) = preSolution
		Debug|Any CPU = Debug|Any CPU
		Release|Any CPU = Release|Any CPU
	EndGlobalSection
	GlobalSection(ProjectConfigurationPlatforms) = postSolution
		{F7A26661-EC79-443C-803A-CDD96F1E6D0F}.Debug|Any CPU.ActiveCfg = Debug|Any CPU
		{F7A26661-EC79-443C-803A-CDD96F1E6D0F}.Debug|Any CPU.Build.0 = Debug|Any CPU
		{F7A26661-EC79-443C-803A-CDD96F1E6D0F}.Release|Any CPU.ActiveCfg = Release|Any CPU
		{F7A26661-EC79-443C-803A-CDD96F1E6D0F}.Release|Any CPU.Build.0 = Release|Any CPU
	EndGlobalSection
	GlobalSection(SolutionProperties) = preSolution
		HideSolutionNode = FALSE
	EndGlobalSection
	GlobalSection(ExtensibilityGlobals) = postSolution
		SolutionGuid = {9F3DA89C-A2A3-4742-AD75-3E1F8A584D80}
	EndGlobalSection
EndGlobal
